// !$*UTF8*$!
{
	archiveVersion = 1;
	classes = {};
	objectVersion = 60;
	objects = {

/* Begin PBXBuildFile section */
		A10000000000000000000001 /* RemoteApp.swift in Sources */ = {isa = PBXBuildFile; fileRef = B10000000000000000000001 /* RemoteApp.swift */; };
		A10000000000000000000002 /* Connection.swift in Sources */ = {isa = PBXBuildFile; fileRef = B10000000000000000000002 /* Connection.swift */; };
		A10000000000000000000003 /* ConnectionGroup.swift in Sources */ = {isa = PBXBuildFile; fileRef = B10000000000000000000003 /* ConnectionGroup.swift */; };
		A10000000000000000000004 /* ConnectionProtocol.swift in Sources */ = {isa = PBXBuildFile; fileRef = B10000000000000000000004 /* ConnectionProtocol.swift */; };
		A10000000000000000000005 /* CredentialProfile.swift in Sources */ = {isa = PBXBuildFile; fileRef = B10000000000000000000005 /* CredentialProfile.swift */; };
		A10000000000000000000006 /* ConnectionStore.swift in Sources */ = {isa = PBXBuildFile; fileRef = B10000000000000000000006 /* ConnectionStore.swift */; };
		A10000000000000000000007 /* RDPService.swift in Sources */ = {isa = PBXBuildFile; fileRef = B10000000000000000000007 /* RDPService.swift */; };
		A10000000000000000000008 /* SSHService.swift in Sources */ = {isa = PBXBuildFile; fileRef = B10000000000000000000008 /* SSHService.swift */; };
		A10000000000000000000009 /* SessionLaunching.swift in Sources */ = {isa = PBXBuildFile; fileRef = B10000000000000000000009 /* SessionLaunching.swift */; };
		A1000000000000000000000A /* ConnectionEditorView.swift in Sources */ = {isa = PBXBuildFile; fileRef = B1000000000000000000000A /* ConnectionEditorView.swift */; };
		A1000000000000000000000B /* CredentialManagerView.swift in Sources */ = {isa = PBXBuildFile; fileRef = B1000000000000000000000B /* CredentialManagerView.swift */; };
		A1000000000000000000000C /* MainView.swift in Sources */ = {isa = PBXBuildFile; fileRef = B1000000000000000000000C /* MainView.swift */; };
		A1000000000000000000000D /* SessionView.swift in Sources */ = {isa = PBXBuildFile; fileRef = B1000000000000000000000D /* SessionView.swift */; };
		A1000000000000000000000E /* SidebarView.swift in Sources */ = {isa = PBXBuildFile; fileRef = B1000000000000000000000E /* SidebarView.swift */; };
		A1000000000000000000000F /* CredentialInheritanceTests.swift in Sources */ = {isa = PBXBuildFile; fileRef = B1000000000000000000000F /* CredentialInheritanceTests.swift */; };
		A10000000000000000000010 /* PersistenceSecurityTests.swift in Sources */ = {isa = PBXBuildFile; fileRef = B10000000000000000000010 /* PersistenceSecurityTests.swift */; };
		A10000000000000000000011 /* KeychainService.swift in Sources */ = {isa = PBXBuildFile; fileRef = B10000000000000000000016 /* KeychainService.swift */; };
		A10000000000000000000012 /* KeychainServiceTests.swift in Sources */ = {isa = PBXBuildFile; fileRef = B10000000000000000000017 /* KeychainServiceTests.swift */; };
/* End PBXBuildFile section */

/* Begin PBXContainerItemProxy section */
		C10000000000000000000001 /* PBXContainerItemProxy */ = {
			isa = PBXContainerItemProxy;
			containerPortal = D10000000000000000000001 /* Project object */;
			proxyType = 1;
			remoteGlobalIDString = E10000000000000000000001;
			remoteInfo = Remote;
		};
/* End PBXContainerItemProxy section */

/* Begin PBXFileReference section */
		B10000000000000000000001 /* RemoteApp.swift */ = {isa = PBXFileReference; lastKnownFileType = sourcecode.swift; path = RemoteApp.swift; sourceTree = "<group>"; };
		B10000000000000000000002 /* Connection.swift */ = {isa = PBXFileReference; lastKnownFileType = sourcecode.swift; path = Connection.swift; sourceTree = "<group>"; };
		B10000000000000000000003 /* ConnectionGroup.swift */ = {isa = PBXFileReference; lastKnownFileType = sourcecode.swift; path = ConnectionGroup.swift; sourceTree = "<group>"; };
		B10000000000000000000004 /* ConnectionProtocol.swift */ = {isa = PBXFileReference; lastKnownFileType = sourcecode.swift; path = ConnectionProtocol.swift; sourceTree = "<group>"; };
		B10000000000000000000005 /* CredentialProfile.swift */ = {isa = PBXFileReference; lastKnownFileType = sourcecode.swift; path = CredentialProfile.swift; sourceTree = "<group>"; };
		B10000000000000000000006 /* ConnectionStore.swift */ = {isa = PBXFileReference; lastKnownFileType = sourcecode.swift; path = ConnectionStore.swift; sourceTree = "<group>"; };
		B10000000000000000000007 /* RDPService.swift */ = {isa = PBXFileReference; lastKnownFileType = sourcecode.swift; path = RDPService.swift; sourceTree = "<group>"; };
		B10000000000000000000008 /* SSHService.swift */ = {isa = PBXFileReference; lastKnownFileType = sourcecode.swift; path = SSHService.swift; sourceTree = "<group>"; };
		B10000000000000000000009 /* SessionLaunching.swift */ = {isa = PBXFileReference; lastKnownFileType = sourcecode.swift; path = SessionLaunching.swift; sourceTree = "<group>"; };
		B1000000000000000000000A /* ConnectionEditorView.swift */ = {isa = PBXFileReference; lastKnownFileType = sourcecode.swift; path = ConnectionEditorView.swift; sourceTree = "<group>"; };
		B1000000000000000000000B /* CredentialManagerView.swift */ = {isa = PBXFileReference; lastKnownFileType = sourcecode.swift; path = CredentialManagerView.swift; sourceTree = "<group>"; };
		B1000000000000000000000C /* MainView.swift */ = {isa = PBXFileReference; lastKnownFileType = sourcecode.swift; path = MainView.swift; sourceTree = "<group>"; };
		B1000000000000000000000D /* SessionView.swift */ = {isa = PBXFileReference; lastKnownFileType = sourcecode.swift; path = SessionView.swift; sourceTree = "<group>"; };
		B1000000000000000000000E /* SidebarView.swift */ = {isa = PBXFileReference; lastKnownFileType = sourcecode.swift; path = SidebarView.swift; sourceTree = "<group>"; };
		B1000000000000000000000F /* CredentialInheritanceTests.swift */ = {isa = PBXFileReference; lastKnownFileType = sourcecode.swift; path = CredentialInheritanceTests.swift; sourceTree = "<group>"; };
		B10000000000000000000010 /* PersistenceSecurityTests.swift */ = {isa = PBXFileReference; lastKnownFileType = sourcecode.swift; path = PersistenceSecurityTests.swift; sourceTree = "<group>"; };
		B10000000000000000000011 /* Remote.app */ = {isa = PBXFileReference; explicitFileType = wrapper.application; includeInIndex = 0; path = Remote.app; sourceTree = BUILT_PRODUCTS_DIR; };
		B10000000000000000000012 /* RemoteTests.xctest */ = {isa = PBXFileReference; explicitFileType = wrapper.cfbundle; includeInIndex = 0; path = RemoteTests.xctest; sourceTree = BUILT_PRODUCTS_DIR; };
		B10000000000000000000013 /* Package.swift */ = {isa = PBXFileReference; lastKnownFileType = sourcecode.swift; path = Package.swift; sourceTree = "<group>"; };
		B10000000000000000000014 /* README.md */ = {isa = PBXFileReference; lastKnownFileType = net.daringfireball.markdown; path = README.md; sourceTree = "<group>"; };
		B10000000000000000000015 /* AGENTS.md */ = {isa = PBXFileReference; lastKnownFileType = net.daringfireball.markdown; path = AGENTS.md; sourceTree = "<group>"; };
		B10000000000000000000016 /* KeychainService.swift */ = {isa = PBXFileReference; lastKnownFileType = sourcecode.swift; path = KeychainService.swift; sourceTree = "<group>"; };
		B10000000000000000000017 /* KeychainServiceTests.swift */ = {isa = PBXFileReference; lastKnownFileType = sourcecode.swift; path = KeychainServiceTests.swift; sourceTree = "<group>"; };
/* End PBXFileReference section */

/* Begin PBXFrameworksBuildPhase section */
		F10000000000000000000001 /* Frameworks */ = {isa = PBXFrameworksBuildPhase; buildActionMask = 2147483647; files = (); runOnlyForDeploymentPostprocessing = 0; };
		F10000000000000000000002 /* Frameworks */ = {isa = PBXFrameworksBuildPhase; buildActionMask = 2147483647; files = (); runOnlyForDeploymentPostprocessing = 0; };
/* End PBXFrameworksBuildPhase section */

/* Begin PBXGroup section */
		D10000000000000000000002 = {
			isa = PBXGroup;
			children = (
				D10000000000000000000004 /* Remote */,
				D10000000000000000000009 /* RemoteTests */,
				B10000000000000000000013 /* Package.swift */,
				B10000000000000000000014 /* README.md */,
				B10000000000000000000015 /* AGENTS.md */,
				D10000000000000000000003 /* Products */,
			);
			sourceTree = "<group>";
		};
		D10000000000000000000003 /* Products */ = {isa = PBXGroup; children = (B10000000000000000000011 /* Remote.app */, B10000000000000000000012 /* RemoteTests.xctest */); name = Products; sourceTree = "<group>"; };
		D10000000000000000000004 /* Remote */ = {isa = PBXGroup; children = (D10000000000000000000005 /* App */, D10000000000000000000006 /* Models */, D10000000000000000000007 /* Services */, D10000000000000000000008 /* Views */); path = Remote; sourceTree = "<group>"; };
		D10000000000000000000005 /* App */ = {isa = PBXGroup; children = (B10000000000000000000001 /* RemoteApp.swift */); path = App; sourceTree = "<group>"; };
		D10000000000000000000006 /* Models */ = {isa = PBXGroup; children = (B10000000000000000000002 /* Connection.swift */, B10000000000000000000003 /* ConnectionGroup.swift */, B10000000000000000000004 /* ConnectionProtocol.swift */, B10000000000000000000005 /* CredentialProfile.swift */); path = Models; sourceTree = "<group>"; };
		D10000000000000000000007 /* Services */ = {isa = PBXGroup; children = (B10000000000000000000006 /* ConnectionStore.swift */, B10000000000000000000016 /* KeychainService.swift */, B10000000000000000000007 /* RDPService.swift */, B10000000000000000000008 /* SSHService.swift */, B10000000000000000000009 /* SessionLaunching.swift */); path = Services; sourceTree = "<group>"; };
		D10000000000000000000008 /* Views */ = {isa = PBXGroup; children = (B1000000000000000000000A /* ConnectionEditorView.swift */, B1000000000000000000000B /* CredentialManagerView.swift */, B1000000000000000000000C /* MainView.swift */, B1000000000000000000000D /* SessionView.swift */, B1000000000000000000000E /* SidebarView.swift */); path = Views; sourceTree = "<group>"; };
		D10000000000000000000009 /* RemoteTests */ = {isa = PBXGroup; children = (B1000000000000000000000F /* CredentialInheritanceTests.swift */, B10000000000000000000017 /* KeychainServiceTests.swift */, B10000000000000000000010 /* PersistenceSecurityTests.swift */); path = RemoteTests; sourceTree = "<group>"; };
/* End PBXGroup section */

/* Begin PBXNativeTarget section */
		E10000000000000000000001 /* Remote */ = {
			isa = PBXNativeTarget;
			buildConfigurationList = H10000000000000000000002 /* Build configuration list for PBXNativeTarget "Remote" */;
			buildPhases = (G10000000000000000000001 /* Sources */, F10000000000000000000001 /* Frameworks */, G10000000000000000000003 /* Resources */);
			buildRules = ();
			dependencies = ();
			name = Remote;
			productName = Remote;
			productReference = B10000000000000000000011 /* Remote.app */;
			productType = "com.apple.product-type.application";
		};
		E10000000000000000000002 /* RemoteTests */ = {
			isa = PBXNativeTarget;
			buildConfigurationList = H10000000000000000000003 /* Build configuration list for PBXNativeTarget "RemoteTests" */;
			buildPhases = (G10000000000000000000002 /* Sources */, F10000000000000000000002 /* Frameworks */, G10000000000000000000004 /* Resources */);
			buildRules = ();
			dependencies = (C10000000000000000000002 /* PBXTargetDependency */);
			name = RemoteTests;
			productName = RemoteTests;
			productReference = B10000000000000000000012 /* RemoteTests.xctest */;
			productType = "com.apple.product-type.bundle.unit-test";
		};
/* End PBXNativeTarget section */

/* Begin PBXProject section */
		D10000000000000000000001 /* Project object */ = {
			isa = PBXProject;
			attributes = {BuildIndependentTargetsInParallel = 1; LastSwiftUpdateCheck = 1600; LastUpgradeCheck = 1600; TargetAttributes = {E10000000000000000000001 = {CreatedOnToolsVersion = 16.0; }; E10000000000000000000002 = {CreatedOnToolsVersion = 16.0; TestTargetID = E10000000000000000000001; }; }; };
			buildConfigurationList = H10000000000000000000001 /* Build configuration list for PBXProject "Remote" */;
			compatibilityVersion = "Xcode 15.0";
			developmentRegion = en;
			hasScannedForEncodings = 0;
			knownRegions = (en, Base);
			mainGroup = D10000000000000000000002;
			productRefGroup = D10000000000000000000003 /* Products */;
			projectDirPath = "";
			projectRoot = "";
			targets = (E10000000000000000000001 /* Remote */, E10000000000000000000002 /* RemoteTests */);
		};
/* End PBXProject section */

/* Begin PBXResourcesBuildPhase section */
		G10000000000000000000003 /* Resources */ = {isa = PBXResourcesBuildPhase; buildActionMask = 2147483647; files = (); runOnlyForDeploymentPostprocessing = 0; };
		G10000000000000000000004 /* Resources */ = {isa = PBXResourcesBuildPhase; buildActionMask = 2147483647; files = (); runOnlyForDeploymentPostprocessing = 0; };
/* End PBXResourcesBuildPhase section */

/* Begin PBXSourcesBuildPhase section */
		G10000000000000000000001 /* Sources */ = {isa = PBXSourcesBuildPhase; buildActionMask = 2147483647; files = (A10000000000000000000001, A10000000000000000000002, A10000000000000000000003, A10000000000000000000004, A10000000000000000000005, A10000000000000000000006, A10000000000000000000011, A10000000000000000000007, A10000000000000000000008, A10000000000000000000009, A1000000000000000000000A, A1000000000000000000000B, A1000000000000000000000C, A1000000000000000000000D, A1000000000000000000000E); runOnlyForDeploymentPostprocessing = 0; };
		G10000000000000000000002 /* Sources */ = {isa = PBXSourcesBuildPhase; buildActionMask = 2147483647; files = (A1000000000000000000000F, A10000000000000000000012, A10000000000000000000010); runOnlyForDeploymentPostprocessing = 0; };
/* End PBXSourcesBuildPhase section */

/* Begin PBXTargetDependency section */
		C10000000000000000000002 /* PBXTargetDependency */ = {isa = PBXTargetDependency; target = E10000000000000000000001 /* Remote */; targetProxy = C10000000000000000000001 /* PBXContainerItemProxy */; };
/* End PBXTargetDependency section */

/* Begin XCBuildConfiguration section */
		I10000000000000000000001 /* Debug */ = {isa = XCBuildConfiguration; buildSettings = {CLANG_ENABLE_MODULES = YES; MACOSX_DEPLOYMENT_TARGET = 14.0; SDKROOT = macosx; SWIFT_ACTIVE_COMPILATION_CONDITIONS = "DEBUG $(inherited)"; SWIFT_OPTIMIZATION_LEVEL = "-Onone"; }; name = Debug; };
		I10000000000000000000002 /* Release */ = {isa = XCBuildConfiguration; buildSettings = {CLANG_ENABLE_MODULES = YES; MACOSX_DEPLOYMENT_TARGET = 14.0; SDKROOT = macosx; SWIFT_COMPILATION_MODE = wholemodule; }; name = Release; };
		I10000000000000000000003 /* Debug */ = {isa = XCBuildConfiguration; buildSettings = {CODE_SIGN_STYLE = Automatic; COMBINE_HIDPI_IMAGES = YES; CURRENT_PROJECT_VERSION = 1; ENABLE_HARDENED_RUNTIME = YES; ENABLE_TESTABILITY = YES; GENERATE_INFOPLIST_FILE = YES; INFOPLIST_KEY_CFBundleDisplayName = Remote; INFOPLIST_KEY_LSApplicationCategoryType = "public.app-category.utilities"; MARKETING_VERSION = 0.1.0; PRODUCT_BUNDLE_IDENTIFIER = com.example.Remote; PRODUCT_NAME = "$(TARGET_NAME)"; SWIFT_EMIT_LOC_STRINGS = YES; SWIFT_VERSION = 5.0; }; name = Debug; };
		I10000000000000000000004 /* Release */ = {isa = XCBuildConfiguration; buildSettings = {CODE_SIGN_STYLE = Automatic; COMBINE_HIDPI_IMAGES = YES; CURRENT_PROJECT_VERSION = 1; ENABLE_HARDENED_RUNTIME = YES; GENERATE_INFOPLIST_FILE = YES; INFOPLIST_KEY_CFBundleDisplayName = Remote; INFOPLIST_KEY_LSApplicationCategoryType = "public.app-category.utilities"; MARKETING_VERSION = 0.1.0; PRODUCT_BUNDLE_IDENTIFIER = com.example.Remote; PRODUCT_NAME = "$(TARGET_NAME)"; SWIFT_EMIT_LOC_STRINGS = YES; SWIFT_VERSION = 5.0; }; name = Release; };
		I10000000000000000000005 /* Debug */ = {isa = XCBuildConfiguration; buildSettings = {BUNDLE_LOADER = "$(TEST_HOST)"; CODE_SIGN_STYLE = Automatic; GENERATE_INFOPLIST_FILE = YES; MACOSX_DEPLOYMENT_TARGET = 14.0; PRODUCT_BUNDLE_IDENTIFIER = com.example.RemoteTests; PRODUCT_NAME = "$(TARGET_NAME)"; SWIFT_VERSION = 5.0; TEST_HOST = "$(BUILT_PRODUCTS_DIR)/Remote.app/Contents/MacOS/Remote"; }; name = Debug; };
		I10000000000000000000006 /* Release */ = {isa = XCBuildConfiguration; buildSettings = {BUNDLE_LOADER = "$(TEST_HOST)"; CODE_SIGN_STYLE = Automatic; GENERATE_INFOPLIST_FILE = YES; MACOSX_DEPLOYMENT_TARGET = 14.0; PRODUCT_BUNDLE_IDENTIFIER = com.example.RemoteTests; PRODUCT_NAME = "$(TARGET_NAME)"; SWIFT_VERSION = 5.0; TEST_HOST = "$(BUILT_PRODUCTS_DIR)/Remote.app/Contents/MacOS/Remote"; }; name = Release; };
/* End XCBuildConfiguration section */

/* Begin XCConfigurationList section */
		H10000000000000000000001 /* Build configuration list for PBXProject "Remote" */ = {isa = XCConfigurationList; buildConfigurations = (I10000000000000000000001 /* Debug */, I10000000000000000000002 /* Release */); defaultConfigurationIsVisible = 0; defaultConfigurationName = Release; };
		H10000000000000000000002 /* Build configuration list for PBXNativeTarget "Remote" */ = {isa = XCConfigurationList; buildConfigurations = (I10000000000000000000003 /* Debug */, I10000000000000000000004 /* Release */); defaultConfigurationIsVisible = 0; defaultConfigurationName = Release; };
		H10000000000000000000003 /* Build configuration list for PBXNativeTarget "RemoteTests" */ = {isa = XCConfigurationList; buildConfigurations = (I10000000000000000000005 /* Debug */, I10000000000000000000006 /* Release */); defaultConfigurationIsVisible = 0; defaultConfigurationName = Release; };
/* End XCConfigurationList section */
	};
	rootObject = D10000000000000000000001 /* Project object */;
}
